// !$*UTF8*$!
{
	archiveVersion = 1;
	classes = {
	};
	objectVersion = 56;
	objects = {

/* Begin PBXBuildFile section */
		2224E4302A35CBD200EB4122 /* AppDelegate.swift in Sources */ = {isa = PBXBuildFile; fileRef = 2224E42F2A35CBD200EB4122 /* AppDelegate.swift */; };
		2224E4322A35CBD200EB4122 /* SceneDelegate.swift in Sources */ = {isa = PBXBuildFile; fileRef = 2224E4312A35CBD200EB4122 /* SceneDelegate.swift */; };
		2224E4342A35CBD200EB4122 /* HomeViewController.swift in Sources */ = {isa = PBXBuildFile; fileRef = 2224E4332A35CBD200EB4122 /* HomeViewController.swift */; };
		2224E4372A35CBD200EB4122 /* Main.storyboard in Resources */ = {isa = PBXBuildFile; fileRef = 2224E4352A35CBD200EB4122 /* Main.storyboard */; };
		2224E4392A35CBD200EB4122 /* Assets.xcassets in Resources */ = {isa = PBXBuildFile; fileRef = 2224E4382A35CBD200EB4122 /* Assets.xcassets */; };
		2224E43C2A35CBD200EB4122 /* LaunchScreen.storyboard in Resources */ = {isa = PBXBuildFile; fileRef = 2224E43A2A35CBD200EB4122 /* LaunchScreen.storyboard */; };
		2224E4472A35CBD300EB4122 /* BackToIosTests.swift in Sources */ = {isa = PBXBuildFile; fileRef = 2224E4462A35CBD300EB4122 /* BackToIosTests.swift */; };
		2224E4512A35CBD300EB4122 /* BackToIosUITests.swift in Sources */ = {isa = PBXBuildFile; fileRef = 2224E4502A35CBD300EB4122 /* BackToIosUITests.swift */; };
		2224E4532A35CBD300EB4122 /* BackToIosUITestsLaunchTests.swift in Sources */ = {isa = PBXBuildFile; fileRef = 2224E4522A35CBD300EB4122 /* BackToIosUITestsLaunchTests.swift */; };
		2224E4652A35CE9800EB4122 /* ExploreViewController.swift in Sources */ = {isa = PBXBuildFile; fileRef = 2224E4642A35CE9800EB4122 /* ExploreViewController.swift */; };
		2224E4672A35CEA600EB4122 /* NotificationsViewController.swift in Sources */ = {isa = PBXBuildFile; fileRef = 2224E4662A35CEA600EB4122 /* NotificationsViewController.swift */; };
		2224E4692A35CEAE00EB4122 /* CameraViewController.swift in Sources */ = {isa = PBXBuildFile; fileRef = 2224E4682A35CEAE00EB4122 /* CameraViewController.swift */; };
		2224E46B2A35CEB600EB4122 /* ProfileViewController.swift in Sources */ = {isa = PBXBuildFile; fileRef = 2224E46A2A35CEB600EB4122 /* ProfileViewController.swift */; };
		2224E4702A35CF5E00EB4122 /* LoginViewController.swift in Sources */ = {isa = PBXBuildFile; fileRef = 2224E46F2A35CF5E00EB4122 /* LoginViewController.swift */; };
		2224E4722A35CF6E00EB4122 /* RegistrationViewController.swift in Sources */ = {isa = PBXBuildFile; fileRef = 2224E4712A35CF6E00EB4122 /* RegistrationViewController.swift */; };
		2224E4742A35CF8F00EB4122 /* PostViewController.swift in Sources */ = {isa = PBXBuildFile; fileRef = 2224E4732A35CF8F00EB4122 /* PostViewController.swift */; };
		2224E4762A35CF9D00EB4122 /* EditProfileViewController.swift in Sources */ = {isa = PBXBuildFile; fileRef = 2224E4752A35CF9D00EB4122 /* EditProfileViewController.swift */; };
		2224E4782A35CFA700EB4122 /* SettingsViewController.swift in Sources */ = {isa = PBXBuildFile; fileRef = 2224E4772A35CFA700EB4122 /* SettingsViewController.swift */; };
		2224E47A2A35CFAF00EB4122 /* ListViewController.swift in Sources */ = {isa = PBXBuildFile; fileRef = 2224E4792A35CFAF00EB4122 /* ListViewController.swift */; };
		2224E47C2A35CFB700EB4122 /* SearchViewController.swift in Sources */ = {isa = PBXBuildFile; fileRef = 2224E47B2A35CFB700EB4122 /* SearchViewController.swift */; };
		2224E47E2A35CFC100EB4122 /* SearchResultViewController.swift in Sources */ = {isa = PBXBuildFile; fileRef = 2224E47D2A35CFC100EB4122 /* SearchResultViewController.swift */; };
		2224E4802A35CFDF00EB4122 /* PostEditorViewController.swift in Sources */ = {isa = PBXBuildFile; fileRef = 2224E47F2A35CFDF00EB4122 /* PostEditorViewController.swift */; };
		2224E4822A35CFE800EB4122 /* PublishPostViewController.swift in Sources */ = {isa = PBXBuildFile; fileRef = 2224E4812A35CFE800EB4122 /* PublishPostViewController.swift */; };
		2224E4862A35D77100EB4122 /* GoogleService-Info.plist in Resources */ = {isa = PBXBuildFile; fileRef = 2224E4852A35D77100EB4122 /* GoogleService-Info.plist */; };
		22AF080C2A363CC5004CB5EF /* DatabaseManager.swift in Sources */ = {isa = PBXBuildFile; fileRef = 22AF080B2A363CC5004CB5EF /* DatabaseManager.swift */; };
		22AF080E2A363D7E004CB5EF /* AuthManager.swift in Sources */ = {isa = PBXBuildFile; fileRef = 22AF080D2A363D7E004CB5EF /* AuthManager.swift */; };
		22AF08102A363E50004CB5EF /* StorageManager.swift in Sources */ = {isa = PBXBuildFile; fileRef = 22AF080F2A363E50004CB5EF /* StorageManager.swift */; };
		22AF08122A364232004CB5EF /* Extensions.swift in Sources */ = {isa = PBXBuildFile; fileRef = 22AF08112A364232004CB5EF /* Extensions.swift */; };
		77940E52DD972F20ADB2B679 /* Pods_BackToIosTests.framework in Frameworks */ = {isa = PBXBuildFile; fileRef = E176E25B3DA0794A2AF64FDB /* Pods_BackToIosTests.framework */; };
		7FCD89581B88EB1ECE3073F9 /* Pods_BackToIos_BackToIosUITests.framework in Frameworks */ = {isa = PBXBuildFile; fileRef = BFEF6671D57AC66559107C8D /* Pods_BackToIos_BackToIosUITests.framework */; };
		8802C292563F53F916DAB287 /* Pods_BackToIos.framework in Frameworks */ = {isa = PBXBuildFile; fileRef = 70B235912234A555BA38807F /* Pods_BackToIos.framework */; };
/* End PBXBuildFile section */

/* Begin PBXContainerItemProxy section */
		2224E4432A35CBD300EB4122 /* PBXContainerItemProxy */ = {
			isa = PBXContainerItemProxy;
			containerPortal = 2224E4242A35CBD200EB4122 /* Project object */;
			proxyType = 1;
			remoteGlobalIDString = 2224E42B2A35CBD200EB4122;
			remoteInfo = BackToIos;
		};
		2224E44D2A35CBD300EB4122 /* PBXContainerItemProxy */ = {
			isa = PBXContainerItemProxy;
			containerPortal = 2224E4242A35CBD200EB4122 /* Project object */;
			proxyType = 1;
			remoteGlobalIDString = 2224E42B2A35CBD200EB4122;
			remoteInfo = BackToIos;
		};
/* End PBXContainerItemProxy section */

/* Begin PBXFileReference section */
		13C22A010B0750140D56B72C /* Pods-BackToIos-BackToIosUITests.release.xcconfig */ = {isa = PBXFileReference; includeInIndex = 1; lastKnownFileType = text.xcconfig; name = "Pods-BackToIos-BackToIosUITests.release.xcconfig"; path = "Target Support Files/Pods-BackToIos-BackToIosUITests/Pods-BackToIos-BackToIosUITests.release.xcconfig"; sourceTree = "<group>"; };
		2224E42C2A35CBD200EB4122 /* BackToIos.app */ = {isa = PBXFileReference; explicitFileType = wrapper.application; includeInIndex = 0; path = BackToIos.app; sourceTree = BUILT_PRODUCTS_DIR; };
		2224E42F2A35CBD200EB4122 /* AppDelegate.swift */ = {isa = PBXFileReference; lastKnownFileType = sourcecode.swift; path = AppDelegate.swift; sourceTree = "<group>"; };
		2224E4312A35CBD200EB4122 /* SceneDelegate.swift */ = {isa = PBXFileReference; lastKnownFileType = sourcecode.swift; path = SceneDelegate.swift; sourceTree = "<group>"; };
		2224E4332A35CBD200EB4122 /* HomeViewController.swift */ = {isa = PBXFileReference; lastKnownFileType = sourcecode.swift; path = HomeViewController.swift; sourceTree = "<group>"; };
		2224E4362A35CBD200EB4122 /* Base */ = {isa = PBXFileReference; lastKnownFileType = file.storyboard; name = Base; path = Base.lproj/Main.storyboard; sourceTree = "<group>"; };
		2224E4382A35CBD200EB4122 /* Assets.xcassets */ = {isa = PBXFileReference; lastKnownFileType = folder.assetcatalog; path = Assets.xcassets; sourceTree = "<group>"; };
		2224E43B2A35CBD200EB4122 /* Base */ = {isa = PBXFileReference; lastKnownFileType = file.storyboard; name = Base; path = Base.lproj/LaunchScreen.storyboard; sourceTree = "<group>"; };
		2224E43D2A35CBD200EB4122 /* Info.plist */ = {isa = PBXFileReference; lastKnownFileType = text.plist.xml; path = Info.plist; sourceTree = "<group>"; };
		2224E4422A35CBD300EB4122 /* BackToIosTests.xctest */ = {isa = PBXFileReference; explicitFileType = wrapper.cfbundle; includeInIndex = 0; path = BackToIosTests.xctest; sourceTree = BUILT_PRODUCTS_DIR; };
		2224E4462A35CBD300EB4122 /* BackToIosTests.swift */ = {isa = PBXFileReference; lastKnownFileType = sourcecode.swift; path = BackToIosTests.swift; sourceTree = "<group>"; };
		2224E44C2A35CBD300EB4122 /* BackToIosUITests.xctest */ = {isa = PBXFileReference; explicitFileType = wrapper.cfbundle; includeInIndex = 0; path = BackToIosUITests.xctest; sourceTree = BUILT_PRODUCTS_DIR; };
		2224E4502A35CBD300EB4122 /* BackToIosUITests.swift */ = {isa = PBXFileReference; lastKnownFileType = sourcecode.swift; path = BackToIosUITests.swift; sourceTree = "<group>"; };
		2224E4522A35CBD300EB4122 /* BackToIosUITestsLaunchTests.swift */ = {isa = PBXFileReference; lastKnownFileType = sourcecode.swift; path = BackToIosUITestsLaunchTests.swift; sourceTree = "<group>"; };
		2224E4642A35CE9800EB4122 /* ExploreViewController.swift */ = {isa = PBXFileReference; lastKnownFileType = sourcecode.swift; path = ExploreViewController.swift; sourceTree = "<group>"; };
		2224E4662A35CEA600EB4122 /* NotificationsViewController.swift */ = {isa = PBXFileReference; lastKnownFileType = sourcecode.swift; path = NotificationsViewController.swift; sourceTree = "<group>"; };
		2224E4682A35CEAE00EB4122 /* CameraViewController.swift */ = {isa = PBXFileReference; lastKnownFileType = sourcecode.swift; path = CameraViewController.swift; sourceTree = "<group>"; };
		2224E46A2A35CEB600EB4122 /* ProfileViewController.swift */ = {isa = PBXFileReference; lastKnownFileType = sourcecode.swift; path = ProfileViewController.swift; sourceTree = "<group>"; };
		2224E46F2A35CF5E00EB4122 /* LoginViewController.swift */ = {isa = PBXFileReference; lastKnownFileType = sourcecode.swift; path = LoginViewController.swift; sourceTree = "<group>"; };
		2224E4712A35CF6E00EB4122 /* RegistrationViewController.swift */ = {isa = PBXFileReference; lastKnownFileType = sourcecode.swift; path = RegistrationViewController.swift; sourceTree = "<group>"; };
		2224E4732A35CF8F00EB4122 /* PostViewController.swift */ = {isa = PBXFileReference; lastKnownFileType = sourcecode.swift; path = PostViewController.swift; sourceTree = "<group>"; };
		2224E4752A35CF9D00EB4122 /* EditProfileViewController.swift */ = {isa = PBXFileReference; lastKnownFileType = sourcecode.swift; path = EditProfileViewController.swift; sourceTree = "<group>"; };
		2224E4772A35CFA700EB4122 /* SettingsViewController.swift */ = {isa = PBXFileReference; lastKnownFileType = sourcecode.swift; path = SettingsViewController.swift; sourceTree = "<group>"; };
		2224E4792A35CFAF00EB4122 /* ListViewController.swift */ = {isa = PBXFileReference; lastKnownFileType = sourcecode.swift; path = ListViewController.swift; sourceTree = "<group>"; };
		2224E47B2A35CFB700EB4122 /* SearchViewController.swift */ = {isa = PBXFileReference; lastKnownFileType = sourcecode.swift; path = SearchViewController.swift; sourceTree = "<group>"; };
		2224E47D2A35CFC100EB4122 /* SearchResultViewController.swift */ = {isa = PBXFileReference; lastKnownFileType = sourcecode.swift; path = SearchResultViewController.swift; sourceTree = "<group>"; };
		2224E47F2A35CFDF00EB4122 /* PostEditorViewController.swift */ = {isa = PBXFileReference; lastKnownFileType = sourcecode.swift; path = PostEditorViewController.swift; sourceTree = "<group>"; };
		2224E4812A35CFE800EB4122 /* PublishPostViewController.swift */ = {isa = PBXFileReference; lastKnownFileType = sourcecode.swift; path = PublishPostViewController.swift; sourceTree = "<group>"; };
		2224E4852A35D77100EB4122 /* GoogleService-Info.plist */ = {isa = PBXFileReference; fileEncoding = 4; lastKnownFileType = text.plist.xml; name = "GoogleService-Info.plist"; path = "../../../../../Downloads/GoogleService-Info.plist"; sourceTree = "<group>"; };
		22AF080B2A363CC5004CB5EF /* DatabaseManager.swift */ = {isa = PBXFileReference; lastKnownFileType = sourcecode.swift; path = DatabaseManager.swift; sourceTree = "<group>"; };
		22AF080D2A363D7E004CB5EF /* AuthManager.swift */ = {isa = PBXFileReference; lastKnownFileType = sourcecode.swift; path = AuthManager.swift; sourceTree = "<group>"; };
		22AF080F2A363E50004CB5EF /* StorageManager.swift */ = {isa = PBXFileReference; lastKnownFileType = sourcecode.swift; path = StorageManager.swift; sourceTree = "<group>"; };
		22AF08112A364232004CB5EF /* Extensions.swift */ = {isa = PBXFileReference; lastKnownFileType = sourcecode.swift; path = Extensions.swift; sourceTree = "<group>"; };
		3B290FF8B4A4330F196BBE82 /* Pods-BackToIos-BackToIosUITests.debug.xcconfig */ = {isa = PBXFileReference; includeInIndex = 1; lastKnownFileType = text.xcconfig; name = "Pods-BackToIos-BackToIosUITests.debug.xcconfig"; path = "Target Support Files/Pods-BackToIos-BackToIosUITests/Pods-BackToIos-BackToIosUITests.debug.xcconfig"; sourceTree = "<group>"; };
		70B235912234A555BA38807F /* Pods_BackToIos.framework */ = {isa = PBXFileReference; explicitFileType = wrapper.framework; includeInIndex = 0; path = Pods_BackToIos.framework; sourceTree = BUILT_PRODUCTS_DIR; };
		86C2CE764167A63991F7C0EC /* Pods-BackToIos.release.xcconfig */ = {isa = PBXFileReference; includeInIndex = 1; lastKnownFileType = text.xcconfig; name = "Pods-BackToIos.release.xcconfig"; path = "Target Support Files/Pods-BackToIos/Pods-BackToIos.release.xcconfig"; sourceTree = "<group>"; };
		B676AE8E5442FA3BCC3D632B /* Pods-BackToIosTests.release.xcconfig */ = {isa = PBXFileReference; includeInIndex = 1; lastKnownFileType = text.xcconfig; name = "Pods-BackToIosTests.release.xcconfig"; path = "Target Support Files/Pods-BackToIosTests/Pods-BackToIosTests.release.xcconfig"; sourceTree = "<group>"; };
		BFEF6671D57AC66559107C8D /* Pods_BackToIos_BackToIosUITests.framework */ = {isa = PBXFileReference; explicitFileType = wrapper.framework; includeInIndex = 0; path = Pods_BackToIos_BackToIosUITests.framework; sourceTree = BUILT_PRODUCTS_DIR; };
		C44984E97BD7EAC902577FA1 /* Pods-BackToIos.debug.xcconfig */ = {isa = PBXFileReference; includeInIndex = 1; lastKnownFileType = text.xcconfig; name = "Pods-BackToIos.debug.xcconfig"; path = "Target Support Files/Pods-BackToIos/Pods-BackToIos.debug.xcconfig"; sourceTree = "<group>"; };
		D3B5BD6F782E346316B16A51 /* Pods-BackToIosTests.debug.xcconfig */ = {isa = PBXFileReference; includeInIndex = 1; lastKnownFileType = text.xcconfig; name = "Pods-BackToIosTests.debug.xcconfig"; path = "Target Support Files/Pods-BackToIosTests/Pods-BackToIosTests.debug.xcconfig"; sourceTree = "<group>"; };
		E176E25B3DA0794A2AF64FDB /* Pods_BackToIosTests.framework */ = {isa = PBXFileReference; explicitFileType = wrapper.framework; includeInIndex = 0; path = Pods_BackToIosTests.framework; sourceTree = BUILT_PRODUCTS_DIR; };
/* End PBXFileReference section */

/* Begin PBXFrameworksBuildPhase section */
		2224E4292A35CBD200EB4122 /* Frameworks */ = {
			isa = PBXFrameworksBuildPhase;
			buildActionMask = 2147483647;
			files = (
				8802C292563F53F916DAB287 /* Pods_BackToIos.framework in Frameworks */,
			);
			runOnlyForDeploymentPostprocessing = 0;
		};
		2224E43F2A35CBD300EB4122 /* Frameworks */ = {
			isa = PBXFrameworksBuildPhase;
			buildActionMask = 2147483647;
			files = (
				77940E52DD972F20ADB2B679 /* Pods_BackToIosTests.framework in Frameworks */,
			);
			runOnlyForDeploymentPostprocessing = 0;
		};
		2224E4492A35CBD300EB4122 /* Frameworks */ = {
			isa = PBXFrameworksBuildPhase;
			buildActionMask = 2147483647;
			files = (
				7FCD89581B88EB1ECE3073F9 /* Pods_BackToIos_BackToIosUITests.framework in Frameworks */,
			);
			runOnlyForDeploymentPostprocessing = 0;
		};
/* End PBXFrameworksBuildPhase section */

/* Begin PBXGroup section */
		15853CBDDE1F3C1E96D5FBC2 /* Pods */ = {
			isa = PBXGroup;
			children = (
				C44984E97BD7EAC902577FA1 /* Pods-BackToIos.debug.xcconfig */,
				86C2CE764167A63991F7C0EC /* Pods-BackToIos.release.xcconfig */,
				3B290FF8B4A4330F196BBE82 /* Pods-BackToIos-BackToIosUITests.debug.xcconfig */,
				13C22A010B0750140D56B72C /* Pods-BackToIos-BackToIosUITests.release.xcconfig */,
				D3B5BD6F782E346316B16A51 /* Pods-BackToIosTests.debug.xcconfig */,
				B676AE8E5442FA3BCC3D632B /* Pods-BackToIosTests.release.xcconfig */,
			);
			path = Pods;
			sourceTree = "<group>";
		};
		2224E4232A35CBD200EB4122 = {
			isa = PBXGroup;
			children = (
				2224E42E2A35CBD200EB4122 /* BackToIos */,
				2224E4452A35CBD300EB4122 /* BackToIosTests */,
				2224E44F2A35CBD300EB4122 /* BackToIosUITests */,
				2224E42D2A35CBD200EB4122 /* Products */,
				15853CBDDE1F3C1E96D5FBC2 /* Pods */,
				5285CDC1FB200B79429FB5E1 /* Frameworks */,
			);
			sourceTree = "<group>";
		};
		2224E42D2A35CBD200EB4122 /* Products */ = {
			isa = PBXGroup;
			children = (
				2224E42C2A35CBD200EB4122 /* BackToIos.app */,
				2224E4422A35CBD300EB4122 /* BackToIosTests.xctest */,
				2224E44C2A35CBD300EB4122 /* BackToIosUITests.xctest */,
			);
			name = Products;
			sourceTree = "<group>";
		};
		2224E42E2A35CBD200EB4122 /* BackToIos */ = {
			isa = PBXGroup;
			children = (
				2224E4622A35CDD000EB4122 /* Resources */,
				2224E4612A35CDC600EB4122 /* Controllers */,
				2224E4602A35CDC300EB4122 /* Views */,
				2224E45F2A35CDB800EB4122 /* Models */,
				2224E43D2A35CBD200EB4122 /* Info.plist */,
			);
			path = BackToIos;
			sourceTree = "<group>";
		};
		2224E4452A35CBD300EB4122 /* BackToIosTests */ = {
			isa = PBXGroup;
			children = (
				2224E4462A35CBD300EB4122 /* BackToIosTests.swift */,
			);
			path = BackToIosTests;
			sourceTree = "<group>";
		};
		2224E44F2A35CBD300EB4122 /* BackToIosUITests */ = {
			isa = PBXGroup;
			children = (
				2224E4502A35CBD300EB4122 /* BackToIosUITests.swift */,
				2224E4522A35CBD300EB4122 /* BackToIosUITestsLaunchTests.swift */,
			);
			path = BackToIosUITests;
			sourceTree = "<group>";
		};
		2224E45F2A35CDB800EB4122 /* Models */ = {
			isa = PBXGroup;
			children = (
			);
			path = Models;
			sourceTree = "<group>";
		};
		2224E4602A35CDC300EB4122 /* Views */ = {
			isa = PBXGroup;
			children = (
				2224E4632A35CE0B00EB4122 /* Storyboards */,
				2224E4382A35CBD200EB4122 /* Assets.xcassets */,
			);
			path = Views;
			sourceTree = "<group>";
		};
		2224E4612A35CDC600EB4122 /* Controllers */ = {
			isa = PBXGroup;
			children = (
				2224E46D2A35CF3F00EB4122 /* Other */,
				2224E46C2A35CEC600EB4122 /* CoreTabs */,
			);
			path = Controllers;
			sourceTree = "<group>";
		};
		2224E4622A35CDD000EB4122 /* Resources */ = {
			isa = PBXGroup;
			children = (
				2224E4852A35D77100EB4122 /* GoogleService-Info.plist */,
				2224E42F2A35CBD200EB4122 /* AppDelegate.swift */,
				2224E4312A35CBD200EB4122 /* SceneDelegate.swift */,
				22AF080B2A363CC5004CB5EF /* DatabaseManager.swift */,
				22AF080D2A363D7E004CB5EF /* AuthManager.swift */,
				22AF080F2A363E50004CB5EF /* StorageManager.swift */,
				22AF08112A364232004CB5EF /* Extensions.swift */,
			);
			path = Resources;
			sourceTree = "<group>";
		};
		2224E4632A35CE0B00EB4122 /* Storyboards */ = {
			isa = PBXGroup;
			children = (
				2224E4352A35CBD200EB4122 /* Main.storyboard */,
				2224E43A2A35CBD200EB4122 /* LaunchScreen.storyboard */,
			);
			path = Storyboards;
			sourceTree = "<group>";
		};
		2224E46C2A35CEC600EB4122 /* CoreTabs */ = {
			isa = PBXGroup;
			children = (
				2224E4332A35CBD200EB4122 /* HomeViewController.swift */,
				2224E4642A35CE9800EB4122 /* ExploreViewController.swift */,
				2224E4662A35CEA600EB4122 /* NotificationsViewController.swift */,
				2224E4682A35CEAE00EB4122 /* CameraViewController.swift */,
				2224E46A2A35CEB600EB4122 /* ProfileViewController.swift */,
			);
			path = CoreTabs;
			sourceTree = "<group>";
		};
		2224E46D2A35CF3F00EB4122 /* Other */ = {
			isa = PBXGroup;
			children = (
				2224E46E2A35CF4500EB4122 /* Onboarding */,
				22AF080A2A363C95004CB5EF /* General */,
			);
			path = Other;
			sourceTree = "<group>";
		};
		2224E46E2A35CF4500EB4122 /* Onboarding */ = {
			isa = PBXGroup;
			children = (
				2224E46F2A35CF5E00EB4122 /* LoginViewController.swift */,
				2224E4712A35CF6E00EB4122 /* RegistrationViewController.swift */,
			);
			path = Onboarding;
			sourceTree = "<group>";
		};
		22AF080A2A363C95004CB5EF /* General */ = {
			isa = PBXGroup;
			children = (
				2224E4732A35CF8F00EB4122 /* PostViewController.swift */,
				2224E4752A35CF9D00EB4122 /* EditProfileViewController.swift */,
				2224E4772A35CFA700EB4122 /* SettingsViewController.swift */,
				2224E4792A35CFAF00EB4122 /* ListViewController.swift */,
				2224E47B2A35CFB700EB4122 /* SearchViewController.swift */,
				2224E47D2A35CFC100EB4122 /* SearchResultViewController.swift */,
				2224E47F2A35CFDF00EB4122 /* PostEditorViewController.swift */,
				2224E4812A35CFE800EB4122 /* PublishPostViewController.swift */,
			);
			path = General;
			sourceTree = "<group>";
		};
		5285CDC1FB200B79429FB5E1 /* Frameworks */ = {
			isa = PBXGroup;
			children = (
				70B235912234A555BA38807F /* Pods_BackToIos.framework */,
				BFEF6671D57AC66559107C8D /* Pods_BackToIos_BackToIosUITests.framework */,
				E176E25B3DA0794A2AF64FDB /* Pods_BackToIosTests.framework */,
			);
			name = Frameworks;
			sourceTree = "<group>";
		};
/* End PBXGroup section */

/* Begin PBXNativeTarget section */
		2224E42B2A35CBD200EB4122 /* BackToIos */ = {
			isa = PBXNativeTarget;
			buildConfigurationList = 2224E4562A35CBD300EB4122 /* Build configuration list for PBXNativeTarget "BackToIos" */;
			buildPhases = (
				EA6DBA229C54E5568B2C2B65 /* [CP] Check Pods Manifest.lock */,
				2224E4282A35CBD200EB4122 /* Sources */,
				2224E4292A35CBD200EB4122 /* Frameworks */,
				2224E42A2A35CBD200EB4122 /* Resources */,
				9E55AF2204823F0FE2FAABF2 /* [CP] Embed Pods Frameworks */,
			);
			buildRules = (
			);
			dependencies = (
			);
			name = BackToIos;
			productName = BackToIos;
			productReference = 2224E42C2A35CBD200EB4122 /* BackToIos.app */;
			productType = "com.apple.product-type.application";
		};
		2224E4412A35CBD300EB4122 /* BackToIosTests */ = {
			isa = PBXNativeTarget;
			buildConfigurationList = 2224E4592A35CBD300EB4122 /* Build configuration list for PBXNativeTarget "BackToIosTests" */;
			buildPhases = (
				FF7F753A6625EBEEAED67A7D /* [CP] Check Pods Manifest.lock */,
				2224E43E2A35CBD300EB4122 /* Sources */,
				2224E43F2A35CBD300EB4122 /* Frameworks */,
				2224E4402A35CBD300EB4122 /* Resources */,
			);
			buildRules = (
			);
			dependencies = (
				2224E4442A35CBD300EB4122 /* PBXTargetDependency */,
			);
			name = BackToIosTests;
			productName = BackToIosTests;
			productReference = 2224E4422A35CBD300EB4122 /* BackToIosTests.xctest */;
			productType = "com.apple.product-type.bundle.unit-test";
		};
		2224E44B2A35CBD300EB4122 /* BackToIosUITests */ = {
			isa = PBXNativeTarget;
			buildConfigurationList = 2224E45C2A35CBD300EB4122 /* Build configuration list for PBXNativeTarget "BackToIosUITests" */;
			buildPhases = (
				619703B3618AA51049EC1A43 /* [CP] Check Pods Manifest.lock */,
				2224E4482A35CBD300EB4122 /* Sources */,
				2224E4492A35CBD300EB4122 /* Frameworks */,
				2224E44A2A35CBD300EB4122 /* Resources */,
				F912169921C98AC79B8B2842 /* [CP] Embed Pods Frameworks */,
			);
			buildRules = (
			);
			dependencies = (
				2224E44E2A35CBD300EB4122 /* PBXTargetDependency */,
			);
			name = BackToIosUITests;
			productName = BackToIosUITests;
			productReference = 2224E44C2A35CBD300EB4122 /* BackToIosUITests.xctest */;
			productType = "com.apple.product-type.bundle.ui-testing";
		};
/* End PBXNativeTarget section */

/* Begin PBXProject section */
		2224E4242A35CBD200EB4122 /* Project object */ = {
			isa = PBXProject;
			attributes = {
				BuildIndependentTargetsInParallel = 1;
				LastSwiftUpdateCheck = 1420;
				LastUpgradeCheck = 1420;
				TargetAttributes = {
					2224E42B2A35CBD200EB4122 = {
						CreatedOnToolsVersion = 14.2;
					};
					2224E4412A35CBD300EB4122 = {
						CreatedOnToolsVersion = 14.2;
						TestTargetID = 2224E42B2A35CBD200EB4122;
					};
					2224E44B2A35CBD300EB4122 = {
						CreatedOnToolsVersion = 14.2;
						TestTargetID = 2224E42B2A35CBD200EB4122;
					};
				};
			};
			buildConfigurationList = 2224E4272A35CBD200EB4122 /* Build configuration list for PBXProject "BackToIos" */;
			compatibilityVersion = "Xcode 14.0";
			developmentRegion = en;
			hasScannedForEncodings = 0;
			knownRegions = (
				en,
				Base,
			);
			mainGroup = 2224E4232A35CBD200EB4122;
			productRefGroup = 2224E42D2A35CBD200EB4122 /* Products */;
			projectDirPath = "";
			projectRoot = "";
			targets = (
				2224E42B2A35CBD200EB4122 /* BackToIos */,
				2224E4412A35CBD300EB4122 /* BackToIosTests */,
				2224E44B2A35CBD300EB4122 /* BackToIosUITests */,
			);
		};
/* End PBXProject section */

/* Begin PBXResourcesBuildPhase section */
		2224E42A2A35CBD200EB4122 /* Resources */ = {
			isa = PBXResourcesBuildPhase;
			buildActionMask = 2147483647;
			files = (
				2224E43C2A35CBD200EB4122 /* LaunchScreen.storyboard in Resources */,
				2224E4862A35D77100EB4122 /* GoogleService-Info.plist in Resources */,
				2224E4392A35CBD200EB4122 /* Assets.xcassets in Resources */,
				2224E4372A35CBD200EB4122 /* Main.storyboard in Resources */,
			);
			runOnlyForDeploymentPostprocessing = 0;
		};
		2224E4402A35CBD300EB4122 /* Resources */ = {
			isa = PBXResourcesBuildPhase;
			buildActionMask = 2147483647;
			files = (
			);
			runOnlyForDeploymentPostprocessing = 0;
		};
		2224E44A2A35CBD300EB4122 /* Resources */ = {
			isa = PBXResourcesBuildPhase;
			buildActionMask = 2147483647;
			files = (
			);
			runOnlyForDeploymentPostprocessing = 0;
		};
/* End PBXResourcesBuildPhase section */

/* Begin PBXShellScriptBuildPhase section */
		619703B3618AA51049EC1A43 /* [CP] Check Pods Manifest.lock */ = {
			isa = PBXShellScriptBuildPhase;
			buildActionMask = 2147483647;
			files = (
			);
			inputFileListPaths = (
			);
			inputPaths = (
				"${PODS_PODFILE_DIR_PATH}/Podfile.lock",
				"${PODS_ROOT}/Manifest.lock",
			);
			name = "[CP] Check Pods Manifest.lock";
			outputFileListPaths = (
			);
			outputPaths = (
				"$(DERIVED_FILE_DIR)/Pods-BackToIos-BackToIosUITests-checkManifestLockResult.txt",
			);
			runOnlyForDeploymentPostprocessing = 0;
			shellPath = /bin/sh;
			shellScript = "diff \"${PODS_PODFILE_DIR_PATH}/Podfile.lock\" \"${PODS_ROOT}/Manifest.lock\" > /dev/null\nif [ $? != 0 ] ; then\n    # print error to STDERR\n    echo \"error: The sandbox is not in sync with the Podfile.lock. Run 'pod install' or update your CocoaPods installation.\" >&2\n    exit 1\nfi\n# This output is used by Xcode 'outputs' to avoid re-running this script phase.\necho \"SUCCESS\" > \"${SCRIPT_OUTPUT_FILE_0}\"\n";
			showEnvVarsInLog = 0;
		};
		9E55AF2204823F0FE2FAABF2 /* [CP] Embed Pods Frameworks */ = {
			isa = PBXShellScriptBuildPhase;
			buildActionMask = 2147483647;
			files = (
			);
			inputFileListPaths = (
				"${PODS_ROOT}/Target Support Files/Pods-BackToIos/Pods-BackToIos-frameworks-${CONFIGURATION}-input-files.xcfilelist",
			);
			name = "[CP] Embed Pods Frameworks";
			outputFileListPaths = (
				"${PODS_ROOT}/Target Support Files/Pods-BackToIos/Pods-BackToIos-frameworks-${CONFIGURATION}-output-files.xcfilelist",
			);
			runOnlyForDeploymentPostprocessing = 0;
			shellPath = /bin/sh;
			shellScript = "\"${PODS_ROOT}/Target Support Files/Pods-BackToIos/Pods-BackToIos-frameworks.sh\"\n";
			showEnvVarsInLog = 0;
		};
		EA6DBA229C54E5568B2C2B65 /* [CP] Check Pods Manifest.lock */ = {
			isa = PBXShellScriptBuildPhase;
			buildActionMask = 2147483647;
			files = (
			);
			inputFileListPaths = (
			);
			inputPaths = (
				"${PODS_PODFILE_DIR_PATH}/Podfile.lock",
				"${PODS_ROOT}/Manifest.lock",
			);
			name = "[CP] Check Pods Manifest.lock";
			outputFileListPaths = (
			);
			outputPaths = (
				"$(DERIVED_FILE_DIR)/Pods-BackToIos-checkManifestLockResult.txt",
			);
			runOnlyForDeploymentPostprocessing = 0;
			shellPath = /bin/sh;
			shellScript = "diff \"${PODS_PODFILE_DIR_PATH}/Podfile.lock\" \"${PODS_ROOT}/Manifest.lock\" > /dev/null\nif [ $? != 0 ] ; then\n    # print error to STDERR\n    echo \"error: The sandbox is not in sync with the Podfile.lock. Run 'pod install' or update your CocoaPods installation.\" >&2\n    exit 1\nfi\n# This output is used by Xcode 'outputs' to avoid re-running this script phase.\necho \"SUCCESS\" > \"${SCRIPT_OUTPUT_FILE_0}\"\n";
			showEnvVarsInLog = 0;
		};
		F912169921C98AC79B8B2842 /* [CP] Embed Pods Frameworks */ = {
			isa = PBXShellScriptBuildPhase;
			buildActionMask = 2147483647;
			files = (
			);
			inputFileListPaths = (
				"${PODS_ROOT}/Target Support Files/Pods-BackToIos-BackToIosUITests/Pods-BackToIos-BackToIosUITests-frameworks-${CONFIGURATION}-input-files.xcfilelist",
			);
			name = "[CP] Embed Pods Frameworks";
			outputFileListPaths = (
				"${PODS_ROOT}/Target Support Files/Pods-BackToIos-BackToIosUITests/Pods-BackToIos-BackToIosUITests-frameworks-${CONFIGURATION}-output-files.xcfilelist",
			);
			runOnlyForDeploymentPostprocessing = 0;
			shellPath = /bin/sh;
			shellScript = "\"${PODS_ROOT}/Target Support Files/Pods-BackToIos-BackToIosUITests/Pods-BackToIos-BackToIosUITests-frameworks.sh\"\n";
			showEnvVarsInLog = 0;
		};
		FF7F753A6625EBEEAED67A7D /* [CP] Check Pods Manifest.lock */ = {
			isa = PBXShellScriptBuildPhase;
			buildActionMask = 2147483647;
			files = (
			);
			inputFileListPaths = (
			);
			inputPaths = (
				"${PODS_PODFILE_DIR_PATH}/Podfile.lock",
				"${PODS_ROOT}/Manifest.lock",
			);
			name = "[CP] Check Pods Manifest.lock";
			outputFileListPaths = (
			);
			outputPaths = (
				"$(DERIVED_FILE_DIR)/Pods-BackToIosTests-checkManifestLockResult.txt",
			);
			runOnlyForDeploymentPostprocessing = 0;
			shellPath = /bin/sh;
			shellScript = "diff \"${PODS_PODFILE_DIR_PATH}/Podfile.lock\" \"${PODS_ROOT}/Manifest.lock\" > /dev/null\nif [ $? != 0 ] ; then\n    # print error to STDERR\n    echo \"error: The sandbox is not in sync with the Podfile.lock. Run 'pod install' or update your CocoaPods installation.\" >&2\n    exit 1\nfi\n# This output is used by Xcode 'outputs' to avoid re-running this script phase.\necho \"SUCCESS\" > \"${SCRIPT_OUTPUT_FILE_0}\"\n";
			showEnvVarsInLog = 0;
		};
/* End PBXShellScriptBuildPhase section */

/* Begin PBXSourcesBuildPhase section */
		2224E4282A35CBD200EB4122 /* Sources */ = {
			isa = PBXSourcesBuildPhase;
			buildActionMask = 2147483647;
			files = (
				2224E4762A35CF9D00EB4122 /* EditProfileViewController.swift in Sources */,
				2224E4672A35CEA600EB4122 /* NotificationsViewController.swift in Sources */,
				2224E4822A35CFE800EB4122 /* PublishPostViewController.swift in Sources */,
				2224E4652A35CE9800EB4122 /* ExploreViewController.swift in Sources */,
				2224E4342A35CBD200EB4122 /* HomeViewController.swift in Sources */,
				2224E4722A35CF6E00EB4122 /* RegistrationViewController.swift in Sources */,
				2224E4802A35CFDF00EB4122 /* PostEditorViewController.swift in Sources */,
				22AF08102A363E50004CB5EF /* StorageManager.swift in Sources */,
				2224E4742A35CF8F00EB4122 /* PostViewController.swift in Sources */,
				22AF080C2A363CC5004CB5EF /* DatabaseManager.swift in Sources */,
				2224E4302A35CBD200EB4122 /* AppDelegate.swift in Sources */,
				2224E47E2A35CFC100EB4122 /* SearchResultViewController.swift in Sources */,
				2224E4702A35CF5E00EB4122 /* LoginViewController.swift in Sources */,
				22AF08122A364232004CB5EF /* Extensions.swift in Sources */,
				2224E47C2A35CFB700EB4122 /* SearchViewController.swift in Sources */,
				2224E46B2A35CEB600EB4122 /* ProfileViewController.swift in Sources */,
				22AF080E2A363D7E004CB5EF /* AuthManager.swift in Sources */,
				2224E4322A35CBD200EB4122 /* SceneDelegate.swift in Sources */,
				2224E4692A35CEAE00EB4122 /* CameraViewController.swift in Sources */,
				2224E47A2A35CFAF00EB4122 /* ListViewController.swift in Sources */,
				2224E4782A35CFA700EB4122 /* SettingsViewController.swift in Sources */,
			);
			runOnlyForDeploymentPostprocessing = 0;
		};
		2224E43E2A35CBD300EB4122 /* Sources */ = {
			isa = PBXSourcesBuildPhase;
			buildActionMask = 2147483647;
			files = (
				2224E4472A35CBD300EB4122 /* BackToIosTests.swift in Sources */,
			);
			runOnlyForDeploymentPostprocessing = 0;
		};
		2224E4482A35CBD300EB4122 /* Sources */ = {
			isa = PBXSourcesBuildPhase;
			buildActionMask = 2147483647;
			files = (
				2224E4532A35CBD300EB4122 /* BackToIosUITestsLaunchTests.swift in Sources */,
				2224E4512A35CBD300EB4122 /* BackToIosUITests.swift in Sources */,
			);
			runOnlyForDeploymentPostprocessing = 0;
		};
/* End PBXSourcesBuildPhase section */

/* Begin PBXTargetDependency section */
		2224E4442A35CBD300EB4122 /* PBXTargetDependency */ = {
			isa = PBXTargetDependency;
			target = 2224E42B2A35CBD200EB4122 /* BackToIos */;
			targetProxy = 2224E4432A35CBD300EB4122 /* PBXContainerItemProxy */;
		};
		2224E44E2A35CBD300EB4122 /* PBXTargetDependency */ = {
			isa = PBXTargetDependency;
			target = 2224E42B2A35CBD200EB4122 /* BackToIos */;
			targetProxy = 2224E44D2A35CBD300EB4122 /* PBXContainerItemProxy */;
		};
/* End PBXTargetDependency section */

/* Begin PBXVariantGroup section */
		2224E4352A35CBD200EB4122 /* Main.storyboard */ = {
			isa = PBXVariantGroup;
			children = (
				2224E4362A35CBD200EB4122 /* Base */,
			);
			name = Main.storyboard;
			sourceTree = "<group>";
		};
		2224E43A2A35CBD200EB4122 /* LaunchScreen.storyboard */ = {
			isa = PBXVariantGroup;
			children = (
				2224E43B2A35CBD200EB4122 /* Base */,
			);
			name = LaunchScreen.storyboard;
			sourceTree = "<group>";
		};
/* End PBXVariantGroup section */

/* Begin XCBuildConfiguration section */
		2224E4542A35CBD300EB4122 /* Debug */ = {
			isa = XCBuildConfiguration;
			buildSettings = {
				ALWAYS_SEARCH_USER_PATHS = NO;
				CLANG_ANALYZER_NONNULL = YES;
				CLANG_ANALYZER_NUMBER_OBJECT_CONVERSION = YES_AGGRESSIVE;
				CLANG_CXX_LANGUAGE_STANDARD = "gnu++20";
				CLANG_ENABLE_MODULES = YES;
				CLANG_ENABLE_OBJC_ARC = YES;
				CLANG_ENABLE_OBJC_WEAK = YES;
				CLANG_WARN_BLOCK_CAPTURE_AUTORELEASING = YES;
				CLANG_WARN_BOOL_CONVERSION = YES;
				CLANG_WARN_COMMA = YES;
				CLANG_WARN_CONSTANT_CONVERSION = YES;
				CLANG_WARN_DEPRECATED_OBJC_IMPLEMENTATIONS = YES;
				CLANG_WARN_DIRECT_OBJC_ISA_USAGE = YES_ERROR;
				CLANG_WARN_DOCUMENTATION_COMMENTS = YES;
				CLANG_WARN_EMPTY_BODY = YES;
				CLANG_WARN_ENUM_CONVERSION = YES;
				CLANG_WARN_INFINITE_RECURSION = YES;
				CLANG_WARN_INT_CONVERSION = YES;
				CLANG_WARN_NON_LITERAL_NULL_CONVERSION = YES;
				CLANG_WARN_OBJC_IMPLICIT_RETAIN_SELF = YES;
				CLANG_WARN_OBJC_LITERAL_CONVERSION = YES;
				CLANG_WARN_OBJC_ROOT_CLASS = YES_ERROR;
				CLANG_WARN_QUOTED_INCLUDE_IN_FRAMEWORK_HEADER = YES;
				CLANG_WARN_RANGE_LOOP_ANALYSIS = YES;
				CLANG_WARN_STRICT_PROTOTYPES = YES;
				CLANG_WARN_SUSPICIOUS_MOVE = YES;
				CLANG_WARN_UNGUARDED_AVAILABILITY = YES_AGGRESSIVE;
				CLANG_WARN_UNREACHABLE_CODE = YES;
				CLANG_WARN__DUPLICATE_METHOD_MATCH = YES;
				COPY_PHASE_STRIP = NO;
				DEBUG_INFORMATION_FORMAT = dwarf;
				ENABLE_STRICT_OBJC_MSGSEND = YES;
				ENABLE_TESTABILITY = YES;
				GCC_C_LANGUAGE_STANDARD = gnu11;
				GCC_DYNAMIC_NO_PIC = NO;
				GCC_NO_COMMON_BLOCKS = YES;
				GCC_OPTIMIZATION_LEVEL = 0;
				GCC_PREPROCESSOR_DEFINITIONS = (
					"DEBUG=1",
					"$(inherited)",
				);
				GCC_WARN_64_TO_32_BIT_CONVERSION = YES;
				GCC_WARN_ABOUT_RETURN_TYPE = YES_ERROR;
				GCC_WARN_UNDECLARED_SELECTOR = YES;
				GCC_WARN_UNINITIALIZED_AUTOS = YES_AGGRESSIVE;
				GCC_WARN_UNUSED_FUNCTION = YES;
				GCC_WARN_UNUSED_VARIABLE = YES;
				IPHONEOS_DEPLOYMENT_TARGET = 16.2;
				MTL_ENABLE_DEBUG_INFO = INCLUDE_SOURCE;
				MTL_FAST_MATH = YES;
				ONLY_ACTIVE_ARCH = YES;
				SDKROOT = iphoneos;
				SWIFT_ACTIVE_COMPILATION_CONDITIONS = DEBUG;
				SWIFT_OPTIMIZATION_LEVEL = "-Onone";
			};
			name = Debug;
		};
		2224E4552A35CBD300EB4122 /* Release */ = {
			isa = XCBuildConfiguration;
			buildSettings = {
				ALWAYS_SEARCH_USER_PATHS = NO;
				CLANG_ANALYZER_NONNULL = YES;
				CLANG_ANALYZER_NUMBER_OBJECT_CONVERSION = YES_AGGRESSIVE;
				CLANG_CXX_LANGUAGE_STANDARD = "gnu++20";
				CLANG_ENABLE_MODULES = YES;
				CLANG_ENABLE_OBJC_ARC = YES;
				CLANG_ENABLE_OBJC_WEAK = YES;
				CLANG_WARN_BLOCK_CAPTURE_AUTORELEASING = YES;
				CLANG_WARN_BOOL_CONVERSION = YES;
				CLANG_WARN_COMMA = YES;
				CLANG_WARN_CONSTANT_CONVERSION = YES;
				CLANG_WARN_DEPRECATED_OBJC_IMPLEMENTATIONS = YES;
				CLANG_WARN_DIRECT_OBJC_ISA_USAGE = YES_ERROR;
				CLANG_WARN_DOCUMENTATION_COMMENTS = YES;
				CLANG_WARN_EMPTY_BODY = YES;
				CLANG_WARN_ENUM_CONVERSION = YES;
				CLANG_WARN_INFINITE_RECURSION = YES;
				CLANG_WARN_INT_CONVERSION = YES;
				CLANG_WARN_NON_LITERAL_NULL_CONVERSION = YES;
				CLANG_WARN_OBJC_IMPLICIT_RETAIN_SELF = YES;
				CLANG_WARN_OBJC_LITERAL_CONVERSION = YES;
				CLANG_WARN_OBJC_ROOT_CLASS = YES_ERROR;
				CLANG_WARN_QUOTED_INCLUDE_IN_FRAMEWORK_HEADER = YES;
				CLANG_WARN_RANGE_LOOP_ANALYSIS = YES;
				CLANG_WARN_STRICT_PROTOTYPES = YES;
				CLANG_WARN_SUSPICIOUS_MOVE = YES;
				CLANG_WARN_UNGUARDED_AVAILABILITY = YES_AGGRESSIVE;
				CLANG_WARN_UNREACHABLE_CODE = YES;
				CLANG_WARN__DUPLICATE_METHOD_MATCH = YES;
				COPY_PHASE_STRIP = NO;
				DEBUG_INFORMATION_FORMAT = "dwarf-with-dsym";
				ENABLE_NS_ASSERTIONS = NO;
				ENABLE_STRICT_OBJC_MSGSEND = YES;
				GCC_C_LANGUAGE_STANDARD = gnu11;
				GCC_NO_COMMON_BLOCKS = YES;
				GCC_WARN_64_TO_32_BIT_CONVERSION = YES;
				GCC_WARN_ABOUT_RETURN_TYPE = YES_ERROR;
				GCC_WARN_UNDECLARED_SELECTOR = YES;
				GCC_WARN_UNINITIALIZED_AUTOS = YES_AGGRESSIVE;
				GCC_WARN_UNUSED_FUNCTION = YES;
				GCC_WARN_UNUSED_VARIABLE = YES;
				IPHONEOS_DEPLOYMENT_TARGET = 16.2;
				MTL_ENABLE_DEBUG_INFO = NO;
				MTL_FAST_MATH = YES;
				SDKROOT = iphoneos;
				SWIFT_COMPILATION_MODE = wholemodule;
				SWIFT_OPTIMIZATION_LEVEL = "-O";
				VALIDATE_PRODUCT = YES;
			};
			name = Release;
		};
		2224E4572A35CBD300EB4122 /* Debug */ = {
			isa = XCBuildConfiguration;
			baseConfigurationReference = C44984E97BD7EAC902577FA1 /* Pods-BackToIos.debug.xcconfig */;
			buildSettings = {
				ASSETCATALOG_COMPILER_APPICON_NAME = AppIcon;
				ASSETCATALOG_COMPILER_GLOBAL_ACCENT_COLOR_NAME = AccentColor;
				CODE_SIGN_STYLE = Automatic;
				CURRENT_PROJECT_VERSION = 1;
				DEVELOPMENT_TEAM = 9VAC7A679V;
				GENERATE_INFOPLIST_FILE = YES;
				INFOPLIST_FILE = BackToIos/Info.plist;
				INFOPLIST_KEY_UIApplicationSupportsIndirectInputEvents = YES;
				INFOPLIST_KEY_UILaunchStoryboardName = LaunchScreen;
				INFOPLIST_KEY_UIMainStoryboardFile = Main;
				INFOPLIST_KEY_UISupportedInterfaceOrientations_iPad = "UIInterfaceOrientationPortrait UIInterfaceOrientationPortraitUpsideDown UIInterfaceOrientationLandscapeLeft UIInterfaceOrientationLandscapeRight";
				INFOPLIST_KEY_UISupportedInterfaceOrientations_iPhone = "UIInterfaceOrientationPortrait UIInterfaceOrientationLandscapeLeft UIInterfaceOrientationLandscapeRight";
				LD_RUNPATH_SEARCH_PATHS = (
					"$(inherited)",
					"@executable_path/Frameworks",
				);
				MARKETING_VERSION = 1.0;
				PRODUCT_BUNDLE_IDENTIFIER = com.omerfarukose.BackToIos;
				PRODUCT_NAME = "$(TARGET_NAME)";
				SWIFT_EMIT_LOC_STRINGS = YES;
				SWIFT_VERSION = 5.0;
				TARGETED_DEVICE_FAMILY = "1,2";
			};
			name = Debug;
		};
		2224E4582A35CBD300EB4122 /* Release */ = {
			isa = XCBuildConfiguration;
			baseConfigurationReference = 86C2CE764167A63991F7C0EC /* Pods-BackToIos.release.xcconfig */;
			buildSettings = {
				ASSETCATALOG_COMPILER_APPICON_NAME = AppIcon;
				ASSETCATALOG_COMPILER_GLOBAL_ACCENT_COLOR_NAME = AccentColor;
				CODE_SIGN_STYLE = Automatic;
				CURRENT_PROJECT_VERSION = 1;
				DEVELOPMENT_TEAM = 9VAC7A679V;
				GENERATE_INFOPLIST_FILE = YES;
				INFOPLIST_FILE = BackToIos/Info.plist;
				INFOPLIST_KEY_UIApplicationSupportsIndirectInputEvents = YES;
				INFOPLIST_KEY_UILaunchStoryboardName = LaunchScreen;
				INFOPLIST_KEY_UIMainStoryboardFile = Main;
				INFOPLIST_KEY_UISupportedInterfaceOrientations_iPad = "UIInterfaceOrientationPortrait UIInterfaceOrientationPortraitUpsideDown UIInterfaceOrientationLandscapeLeft UIInterfaceOrientationLandscapeRight";
				INFOPLIST_KEY_UISupportedInterfaceOrientations_iPhone = "UIInterfaceOrientationPortrait UIInterfaceOrientationLandscapeLeft UIInterfaceOrientationLandscapeRight";
				LD_RUNPATH_SEARCH_PATHS = (
					"$(inherited)",
					"@executable_path/Frameworks",
				);
				MARKETING_VERSION = 1.0;
				PRODUCT_BUNDLE_IDENTIFIER = com.omerfarukose.BackToIos;
				PRODUCT_NAME = "$(TARGET_NAME)";
				SWIFT_EMIT_LOC_STRINGS = YES;
				SWIFT_VERSION = 5.0;
				TARGETED_DEVICE_FAMILY = "1,2";
			};
			name = Release;
		};
		2224E45A2A35CBD300EB4122 /* Debug */ = {
			isa = XCBuildConfiguration;
			baseConfigurationReference = D3B5BD6F782E346316B16A51 /* Pods-BackToIosTests.debug.xcconfig */;
			buildSettings = {
				ALWAYS_EMBED_SWIFT_STANDARD_LIBRARIES = YES;
				BUNDLE_LOADER = "$(TEST_HOST)";
				CODE_SIGN_STYLE = Automatic;
				CURRENT_PROJECT_VERSION = 1;
				DEVELOPMENT_TEAM = 9VAC7A679V;
				GENERATE_INFOPLIST_FILE = YES;
				IPHONEOS_DEPLOYMENT_TARGET = 16.2;
				MARKETING_VERSION = 1.0;
				PRODUCT_BUNDLE_IDENTIFIER = com.omerfarukose.BackToIosTests;
				PRODUCT_NAME = "$(TARGET_NAME)";
				SWIFT_EMIT_LOC_STRINGS = NO;
				SWIFT_VERSION = 5.0;
				TARGETED_DEVICE_FAMILY = "1,2";
				TEST_HOST = "$(BUILT_PRODUCTS_DIR)/BackToIos.app/$(BUNDLE_EXECUTABLE_FOLDER_PATH)/BackToIos";
			};
			name = Debug;
		};
		2224E45B2A35CBD300EB4122 /* Release */ = {
			isa = XCBuildConfiguration;
			baseConfigurationReference = B676AE8E5442FA3BCC3D632B /* Pods-BackToIosTests.release.xcconfig */;
			buildSettings = {
				ALWAYS_EMBED_SWIFT_STANDARD_LIBRARIES = YES;
				BUNDLE_LOADER = "$(TEST_HOST)";
				CODE_SIGN_STYLE = Automatic;
				CURRENT_PROJECT_VERSION = 1;
				DEVELOPMENT_TEAM = 9VAC7A679V;
				GENERATE_INFOPLIST_FILE = YES;
				IPHONEOS_DEPLOYMENT_TARGET = 16.2;
				MARKETING_VERSION = 1.0;
				PRODUCT_BUNDLE_IDENTIFIER = com.omerfarukose.BackToIosTests;
				PRODUCT_NAME = "$(TARGET_NAME)";
				SWIFT_EMIT_LOC_STRINGS = NO;
				SWIFT_VERSION = 5.0;
				TARGETED_DEVICE_FAMILY = "1,2";
				TEST_HOST = "$(BUILT_PRODUCTS_DIR)/BackToIos.app/$(BUNDLE_EXECUTABLE_FOLDER_PATH)/BackToIos";
			};
			name = Release;
		};
		2224E45D2A35CBD300EB4122 /* Debug */ = {
			isa = XCBuildConfiguration;
			baseConfigurationReference = 3B290FF8B4A4330F196BBE82 /* Pods-BackToIos-BackToIosUITests.debug.xcconfig */;
			buildSettings = {
				ALWAYS_EMBED_SWIFT_STANDARD_LIBRARIES = YES;
				CODE_SIGN_STYLE = Automatic;
				CURRENT_PROJECT_VERSION = 1;
				DEVELOPMENT_TEAM = 9VAC7A679V;
				GENERATE_INFOPLIST_FILE = YES;
				MARKETING_VERSION = 1.0;
				PRODUCT_BUNDLE_IDENTIFIER = com.omerfarukose.BackToIosUITests;
				PRODUCT_NAME = "$(TARGET_NAME)";
				SWIFT_EMIT_LOC_STRINGS = NO;
				SWIFT_VERSION = 5.0;
				TARGETED_DEVICE_FAMILY = "1,2";
				TEST_TARGET_NAME = BackToIos;
			};
			name = Debug;
		};
		2224E45E2A35CBD300EB4122 /* Release */ = {
			isa = XCBuildConfiguration;
			baseConfigurationReference = 13C22A010B0750140D56B72C /* Pods-BackToIos-BackToIosUITests.release.xcconfig */;
			buildSettings = {
				ALWAYS_EMBED_SWIFT_STANDARD_LIBRARIES = YES;
				CODE_SIGN_STYLE = Automatic;
				CURRENT_PROJECT_VERSION = 1;
				DEVELOPMENT_TEAM = 9VAC7A679V;
				GENERATE_INFOPLIST_FILE = YES;
				MARKETING_VERSION = 1.0;
				PRODUCT_BUNDLE_IDENTIFIER = com.omerfarukose.BackToIosUITests;
				PRODUCT_NAME = "$(TARGET_NAME)";
				SWIFT_EMIT_LOC_STRINGS = NO;
				SWIFT_VERSION = 5.0;
				TARGETED_DEVICE_FAMILY = "1,2";
				TEST_TARGET_NAME = BackToIos;
			};
			name = Release;
		};
/* End XCBuildConfiguration section */

/* Begin XCConfigurationList section */
		2224E4272A35CBD200EB4122 /* Build configuration list for PBXProject "BackToIos" */ = {
			isa = XCConfigurationList;
			buildConfigurations = (
				2224E4542A35CBD300EB4122 /* Debug */,
				2224E4552A35CBD300EB4122 /* Release */,
			);
			defaultConfigurationIsVisible = 0;
			defaultConfigurationName = Release;
		};
		2224E4562A35CBD300EB4122 /* Build configuration list for PBXNativeTarget "BackToIos" */ = {
			isa = XCConfigurationList;
			buildConfigurations = (
				2224E4572A35CBD300EB4122 /* Debug */,
				2224E4582A35CBD300EB4122 /* Release */,
			);
			defaultConfigurationIsVisible = 0;
			defaultConfigurationName = Release;
		};
		2224E4592A35CBD300EB4122 /* Build configuration list for PBXNativeTarget "BackToIosTests" */ = {
			isa = XCConfigurationList;
			buildConfigurations = (
				2224E45A2A35CBD300EB4122 /* Debug */,
				2224E45B2A35CBD300EB4122 /* Release */,
			);
			defaultConfigurationIsVisible = 0;
			defaultConfigurationName = Release;
		};
		2224E45C2A35CBD300EB4122 /* Build configuration list for PBXNativeTarget "BackToIosUITests" */ = {
			isa = XCConfigurationList;
			buildConfigurations = (
				2224E45D2A35CBD300EB4122 /* Debug */,
				2224E45E2A35CBD300EB4122 /* Release */,
			);
			defaultConfigurationIsVisible = 0;
			defaultConfigurationName = Release;
		};
/* End XCConfigurationList section */
	};
	rootObject = 2224E4242A35CBD200EB4122 /* Project object */;
}
